
Microsoft Visual Studio Solution File, Format Version 12.00
# Visual Studio Version 17
VisualStudioVersion = 17.2.32616.157
MinimumVisualStudioVersion = 10.0.40219.1
Project("{2150E333-8FDC-42A3-9474-1A3956D46DE8}") = "src", "src", "{B56FE313-D06D-4694-93EB-C8ED8B2B6D66}"
EndProject
Project("{9A19103F-16F7-4668-BE54-9A1E7A4F7556}") = "RemoteInter", "src\RemoteInter\RemoteInter.csproj", "{0615D17D-597E-40A1-B4A1-8600FC203D05}"
EndProject
Project("{E53339B2-1760-4266-BCC7-CA923CBCF16C}") = "docker-compose", "docker-compose.dcproj", "{DC982242-4C99-46D5-8230-04BAC7EB433D}"
EndProject
Global
	GlobalSection(SolutionConfigurationPlatforms) = preSolution
		Debug|Any CPU = Debug|Any CPU
		Release|Any CPU = Release|Any CPU
	EndGlobalSection
	GlobalSection(ProjectConfigurationPlatforms) = postSolution
		{0615D17D-597E-40A1-B4A1-8600FC203D05}.Debug|Any CPU.ActiveCfg = Debug|Any CPU
		{0615D17D-597E-40A1-B4A1-8600FC203D05}.Debug|Any CPU.Build.0 = Debug|Any CPU
		{0615D17D-597E-40A1-B4A1-8600FC203D05}.Release|Any CPU.ActiveCfg = Release|Any CPU
		{0615D17D-597E-40A1-B4A1-8600FC203D05}.Release|Any CPU.Build.0 = Release|Any CPU
		{DC982242-4C99-46D5-8230-04BAC7EB433D}.Debug|Any CPU.ActiveCfg = Debug|Any CPU
		{DC982242-4C99-46D5-8230-04BAC7EB433D}.Debug|Any CPU.Build.0 = Debug|Any CPU
		{DC982242-4C99-46D5-8230-04BAC7EB433D}.Release|Any CPU.ActiveCfg = Release|Any CPU
		{DC982242-4C99-46D5-8230-04BAC7EB433D}.Release|Any CPU.Build.0 = Release|Any CPU
	EndGlobalSection
	GlobalSection(SolutionProperties) = preSolution
		HideSolutionNode = FALSE
	EndGlobalSection
	GlobalSection(NestedProjects) = preSolution
		{0615D17D-597E-40A1-B4A1-8600FC203D05} = {B56FE313-D06D-4694-93EB-C8ED8B2B6D66}
	EndGlobalSection
	GlobalSection(ExtensibilityGlobals) = postSolution
		SolutionGuid = {B7D56E3A-9588-4530-B925-FC26FBF74EC4}
	EndGlobalSection
EndGlobal
